
Microsoft Visual Studio Solution File, Format Version 12.00
# Visual Studio 14
VisualStudioVersion = 14.0.25420.1
MinimumVisualStudioVersion = 10.0.40219.1
Project("{FAE04EC0-301F-11D3-BF4B-00C04F79EFBC}") = "Sial", "Sial\Sial.csproj", "{8E204BF5-2FEC-4832-9ECB-EF6D8C558C02}"
EndProject
Project("{FAE04EC0-301F-11D3-BF4B-00C04F79EFBC}") = "Repositorio.Entidades", "Repositorio.Entidades\Repositorio.Entidades.csproj", "{1940D65F-52BA-4F42-8560-EA89BB15FCF8}"
EndProject
Global
	GlobalSection(SolutionConfigurationPlatforms) = preSolution
		Debug|Any CPU = Debug|Any CPU
		Release|Any CPU = Release|Any CPU
	EndGlobalSection
	GlobalSection(ProjectConfigurationPlatforms) = postSolution
		{8E204BF5-2FEC-4832-9ECB-EF6D8C558C02}.Debug|Any CPU.ActiveCfg = Debug|Any CPU
		{8E204BF5-2FEC-4832-9ECB-EF6D8C558C02}.Debug|Any CPU.Build.0 = Debug|Any CPU
		{8E204BF5-2FEC-4832-9ECB-EF6D8C558C02}.Release|Any CPU.ActiveCfg = Release|Any CPU
		{8E204BF5-2FEC-4832-9ECB-EF6D8C558C02}.Release|Any CPU.Build.0 = Release|Any CPU
		{1940D65F-52BA-4F42-8560-EA89BB15FCF8}.Debug|Any CPU.ActiveCfg = Debug|Any CPU
		{1940D65F-52BA-4F42-8560-EA89BB15FCF8}.Debug|Any CPU.Build.0 = Debug|Any CPU
		{1940D65F-52BA-4F42-8560-EA89BB15FCF8}.Release|Any CPU.ActiveCfg = Release|Any CPU
		{1940D65F-52BA-4F42-8560-EA89BB15FCF8}.Release|Any CPU.Build.0 = Release|Any CPU
	EndGlobalSection
	GlobalSection(SolutionProperties) = preSolution
		HideSolutionNode = FALSE
	EndGlobalSection
EndGlobal
